// !$*UTF8*$!
{
	archiveVersion = 1;
	classes = {
	};
	objectVersion = 50;
	objects = {

/* Begin PBXBuildFile section */
		68313B1C274DF8CB00857FB0 /* AppDelegate.swift in Sources */ = {isa = PBXBuildFile; fileRef = 68313B1B274DF8CB00857FB0 /* AppDelegate.swift */; };
		68313B1E274DF8CB00857FB0 /* SceneDelegate.swift in Sources */ = {isa = PBXBuildFile; fileRef = 68313B1D274DF8CB00857FB0 /* SceneDelegate.swift */; };
		68313B20274DF8CB00857FB0 /* ViewController.swift in Sources */ = {isa = PBXBuildFile; fileRef = 68313B1F274DF8CB00857FB0 /* ViewController.swift */; };
		68313B23274DF8CB00857FB0 /* Main.storyboard in Resources */ = {isa = PBXBuildFile; fileRef = 68313B21274DF8CB00857FB0 /* Main.storyboard */; };
		68313B26274DF8CB00857FB0 /* DemoHelloWorld.xcdatamodeld in Sources */ = {isa = PBXBuildFile; fileRef = 68313B24274DF8CB00857FB0 /* DemoHelloWorld.xcdatamodeld */; };
		68313B28274DF8D000857FB0 /* Assets.xcassets in Resources */ = {isa = PBXBuildFile; fileRef = 68313B27274DF8D000857FB0 /* Assets.xcassets */; };
		68313B2B274DF8D000857FB0 /* LaunchScreen.storyboard in Resources */ = {isa = PBXBuildFile; fileRef = 68313B29274DF8D000857FB0 /* LaunchScreen.storyboard */; };
		68313B36274DF8D000857FB0 /* DemoHelloWorldTests.swift in Sources */ = {isa = PBXBuildFile; fileRef = 68313B35274DF8D000857FB0 /* DemoHelloWorldTests.swift */; };
		68313B41274DF8D000857FB0 /* DemoHelloWorldUITests.swift in Sources */ = {isa = PBXBuildFile; fileRef = 68313B40274DF8D000857FB0 /* DemoHelloWorldUITests.swift */; };
/* End PBXBuildFile section */

/* Begin PBXContainerItemProxy section */
		68313B32274DF8D000857FB0 /* PBXContainerItemProxy */ = {
			isa = PBXContainerItemProxy;
			containerPortal = 68313B10274DF8CB00857FB0 /* Project object */;
			proxyType = 1;
			remoteGlobalIDString = 68313B17274DF8CB00857FB0;
			remoteInfo = DemoHelloWorld;
		};
		68313B3D274DF8D000857FB0 /* PBXContainerItemProxy */ = {
			isa = PBXContainerItemProxy;
			containerPortal = 68313B10274DF8CB00857FB0 /* Project object */;
			proxyType = 1;
			remoteGlobalIDString = 68313B17274DF8CB00857FB0;
			remoteInfo = DemoHelloWorld;
		};
/* End PBXContainerItemProxy section */

/* Begin PBXFileReference section */
		68313B18274DF8CB00857FB0 /* DemoHelloWorld.app */ = {isa = PBXFileReference; explicitFileType = wrapper.application; includeInIndex = 0; path = DemoHelloWorld.app; sourceTree = BUILT_PRODUCTS_DIR; };
		68313B1B274DF8CB00857FB0 /* AppDelegate.swift */ = {isa = PBXFileReference; lastKnownFileType = sourcecode.swift; path = AppDelegate.swift; sourceTree = "<group>"; };
		68313B1D274DF8CB00857FB0 /* SceneDelegate.swift */ = {isa = PBXFileReference; lastKnownFileType = sourcecode.swift; path = SceneDelegate.swift; sourceTree = "<group>"; };
		68313B1F274DF8CB00857FB0 /* ViewController.swift */ = {isa = PBXFileReference; lastKnownFileType = sourcecode.swift; path = ViewController.swift; sourceTree = "<group>"; };
		68313B22274DF8CB00857FB0 /* Base */ = {isa = PBXFileReference; lastKnownFileType = file.storyboard; name = Base; path = Base.lproj/Main.storyboard; sourceTree = "<group>"; };
		68313B25274DF8CB00857FB0 /* DemoHelloWorld.xcdatamodel */ = {isa = PBXFileReference; lastKnownFileType = wrapper.xcdatamodel; path = DemoHelloWorld.xcdatamodel; sourceTree = "<group>"; };
		68313B27274DF8D000857FB0 /* Assets.xcassets */ = {isa = PBXFileReference; lastKnownFileType = folder.assetcatalog; path = Assets.xcassets; sourceTree = "<group>"; };
		68313B2A274DF8D000857FB0 /* Base */ = {isa = PBXFileReference; lastKnownFileType = file.storyboard; name = Base; path = Base.lproj/LaunchScreen.storyboard; sourceTree = "<group>"; };
		68313B2C274DF8D000857FB0 /* Info.plist */ = {isa = PBXFileReference; lastKnownFileType = text.plist.xml; path = Info.plist; sourceTree = "<group>"; };
		68313B31274DF8D000857FB0 /* DemoHelloWorldTests.xctest */ = {isa = PBXFileReference; explicitFileType = wrapper.cfbundle; includeInIndex = 0; path = DemoHelloWorldTests.xctest; sourceTree = BUILT_PRODUCTS_DIR; };
		68313B35274DF8D000857FB0 /* DemoHelloWorldTests.swift */ = {isa = PBXFileReference; lastKnownFileType = sourcecode.swift; path = DemoHelloWorldTests.swift; sourceTree = "<group>"; };
		68313B37274DF8D000857FB0 /* Info.plist */ = {isa = PBXFileReference; lastKnownFileType = text.plist.xml; path = Info.plist; sourceTree = "<group>"; };
		68313B3C274DF8D000857FB0 /* DemoHelloWorldUITests.xctest */ = {isa = PBXFileReference; explicitFileType = wrapper.cfbundle; includeInIndex = 0; path = DemoHelloWorldUITests.xctest; sourceTree = BUILT_PRODUCTS_DIR; };
		68313B40274DF8D000857FB0 /* DemoHelloWorldUITests.swift */ = {isa = PBXFileReference; lastKnownFileType = sourcecode.swift; path = DemoHelloWorldUITests.swift; sourceTree = "<group>"; };
		68313B42274DF8D000857FB0 /* Info.plist */ = {isa = PBXFileReference; lastKnownFileType = text.plist.xml; path = Info.plist; sourceTree = "<group>"; };
/* End PBXFileReference section */

/* Begin PBXFrameworksBuildPhase section */
		68313B15274DF8CB00857FB0 /* Frameworks */ = {
			isa = PBXFrameworksBuildPhase;
			buildActionMask = 2147483647;
			files = (
			);
			runOnlyForDeploymentPostprocessing = 0;
		};
		68313B2E274DF8D000857FB0 /* Frameworks */ = {
			isa = PBXFrameworksBuildPhase;
			buildActionMask = 2147483647;
			files = (
			);
			runOnlyForDeploymentPostprocessing = 0;
		};
		68313B39274DF8D000857FB0 /* Frameworks */ = {
			isa = PBXFrameworksBuildPhase;
			buildActionMask = 2147483647;
			files = (
			);
			runOnlyForDeploymentPostprocessing = 0;
		};
/* End PBXFrameworksBuildPhase section */

/* Begin PBXGroup section */
		68313B0F274DF8CB00857FB0 = {
			isa = PBXGroup;
			children = (
				68313B1A274DF8CB00857FB0 /* DemoHelloWorld */,
				68313B34274DF8D000857FB0 /* DemoHelloWorldTests */,
				68313B3F274DF8D000857FB0 /* DemoHelloWorldUITests */,
				68313B19274DF8CB00857FB0 /* Products */,
			);
			sourceTree = "<group>";
		};
		68313B19274DF8CB00857FB0 /* Products */ = {
			isa = PBXGroup;
			children = (
				68313B18274DF8CB00857FB0 /* DemoHelloWorld.app */,
				68313B31274DF8D000857FB0 /* DemoHelloWorldTests.xctest */,
				68313B3C274DF8D000857FB0 /* DemoHelloWorldUITests.xctest */,
			);
			name = Products;
			sourceTree = "<group>";
		};
		68313B1A274DF8CB00857FB0 /* DemoHelloWorld */ = {
			isa = PBXGroup;
			children = (
				68313B1B274DF8CB00857FB0 /* AppDelegate.swift */,
				68313B1D274DF8CB00857FB0 /* SceneDelegate.swift */,
				68313B1F274DF8CB00857FB0 /* ViewController.swift */,
				68313B21274DF8CB00857FB0 /* Main.storyboard */,
				68313B27274DF8D000857FB0 /* Assets.xcassets */,
				68313B29274DF8D000857FB0 /* LaunchScreen.storyboard */,
				68313B2C274DF8D000857FB0 /* Info.plist */,
				68313B24274DF8CB00857FB0 /* DemoHelloWorld.xcdatamodeld */,
			);
			path = DemoHelloWorld;
			sourceTree = "<group>";
		};
		68313B34274DF8D000857FB0 /* DemoHelloWorldTests */ = {
			isa = PBXGroup;
			children = (
				68313B35274DF8D000857FB0 /* DemoHelloWorldTests.swift */,
				68313B37274DF8D000857FB0 /* Info.plist */,
			);
			path = DemoHelloWorldTests;
			sourceTree = "<group>";
		};
		68313B3F274DF8D000857FB0 /* DemoHelloWorldUITests */ = {
			isa = PBXGroup;
			children = (
				68313B40274DF8D000857FB0 /* DemoHelloWorldUITests.swift */,
				68313B42274DF8D000857FB0 /* Info.plist */,
			);
			path = DemoHelloWorldUITests;
			sourceTree = "<group>";
		};
/* End PBXGroup section */

/* Begin PBXNativeTarget section */
		68313B17274DF8CB00857FB0 /* DemoHelloWorld */ = {
			isa = PBXNativeTarget;
			buildConfigurationList = 68313B45274DF8D100857FB0 /* Build configuration list for PBXNativeTarget "DemoHelloWorld" */;
			buildPhases = (
				68313B14274DF8CB00857FB0 /* Sources */,
				68313B15274DF8CB00857FB0 /* Frameworks */,
				68313B16274DF8CB00857FB0 /* Resources */,
			);
			buildRules = (
			);
			dependencies = (
			);
			name = DemoHelloWorld;
			productName = DemoHelloWorld;
			productReference = 68313B18274DF8CB00857FB0 /* DemoHelloWorld.app */;
			productType = "com.apple.product-type.application";
		};
		68313B30274DF8D000857FB0 /* DemoHelloWorldTests */ = {
			isa = PBXNativeTarget;
			buildConfigurationList = 68313B48274DF8D100857FB0 /* Build configuration list for PBXNativeTarget "DemoHelloWorldTests" */;
			buildPhases = (
				68313B2D274DF8D000857FB0 /* Sources */,
				68313B2E274DF8D000857FB0 /* Frameworks */,
				68313B2F274DF8D000857FB0 /* Resources */,
			);
			buildRules = (
			);
			dependencies = (
				68313B33274DF8D000857FB0 /* PBXTargetDependency */,
			);
			name = DemoHelloWorldTests;
			productName = DemoHelloWorldTests;
			productReference = 68313B31274DF8D000857FB0 /* DemoHelloWorldTests.xctest */;
			productType = "com.apple.product-type.bundle.unit-test";
		};
		68313B3B274DF8D000857FB0 /* DemoHelloWorldUITests */ = {
			isa = PBXNativeTarget;
			buildConfigurationList = 68313B4B274DF8D100857FB0 /* Build configuration list for PBXNativeTarget "DemoHelloWorldUITests" */;
			buildPhases = (
				68313B38274DF8D000857FB0 /* Sources */,
				68313B39274DF8D000857FB0 /* Frameworks */,
				68313B3A274DF8D000857FB0 /* Resources */,
			);
			buildRules = (
			);
			dependencies = (
				68313B3E274DF8D000857FB0 /* PBXTargetDependency */,
			);
			name = DemoHelloWorldUITests;
			productName = DemoHelloWorldUITests;
			productReference = 68313B3C274DF8D000857FB0 /* DemoHelloWorldUITests.xctest */;
			productType = "com.apple.product-type.bundle.ui-testing";
		};
/* End PBXNativeTarget section */

/* Begin PBXProject section */
		68313B10274DF8CB00857FB0 /* Project object */ = {
			isa = PBXProject;
			attributes = {
				LastSwiftUpdateCheck = 1250;
				LastUpgradeCheck = 1250;
				TargetAttributes = {
					68313B17274DF8CB00857FB0 = {
						CreatedOnToolsVersion = 12.5.1;
					};
					68313B30274DF8D000857FB0 = {
						CreatedOnToolsVersion = 12.5.1;
						TestTargetID = 68313B17274DF8CB00857FB0;
					};
					68313B3B274DF8D000857FB0 = {
						CreatedOnToolsVersion = 12.5.1;
						TestTargetID = 68313B17274DF8CB00857FB0;
					};
				};
			};
			buildConfigurationList = 68313B13274DF8CB00857FB0 /* Build configuration list for PBXProject "DemoHelloWorld" */;
			compatibilityVersion = "Xcode 9.3";
			developmentRegion = en;
			hasScannedForEncodings = 0;
			knownRegions = (
				en,
				Base,
			);
			mainGroup = 68313B0F274DF8CB00857FB0;
			productRefGroup = 68313B19274DF8CB00857FB0 /* Products */;
			projectDirPath = "";
			projectRoot = "";
			targets = (
				68313B17274DF8CB00857FB0 /* DemoHelloWorld */,
				68313B30274DF8D000857FB0 /* DemoHelloWorldTests */,
				68313B3B274DF8D000857FB0 /* DemoHelloWorldUITests */,
			);
		};
/* End PBXProject section */

/* Begin PBXResourcesBuildPhase section */
		68313B16274DF8CB00857FB0 /* Resources */ = {
			isa = PBXResourcesBuildPhase;
			buildActionMask = 2147483647;
			files = (
				68313B2B274DF8D000857FB0 /* LaunchScreen.storyboard in Resources */,
				68313B28274DF8D000857FB0 /* Assets.xcassets in Resources */,
				68313B23274DF8CB00857FB0 /* Main.storyboard in Resources */,
			);
			runOnlyForDeploymentPostprocessing = 0;
		};
		68313B2F274DF8D000857FB0 /* Resources */ = {
			isa = PBXResourcesBuildPhase;
			buildActionMask = 2147483647;
			files = (
			);
			runOnlyForDeploymentPostprocessing = 0;
		};
		68313B3A274DF8D000857FB0 /* Resources */ = {
			isa = PBXResourcesBuildPhase;
			buildActionMask = 2147483647;
			files = (
			);
			runOnlyForDeploymentPostprocessing = 0;
		};
/* End PBXResourcesBuildPhase section */

/* Begin PBXSourcesBuildPhase section */
		68313B14274DF8CB00857FB0 /* Sources */ = {
			isa = PBXSourcesBuildPhase;
			buildActionMask = 2147483647;
			files = (
				68313B26274DF8CB00857FB0 /* DemoHelloWorld.xcdatamodeld in Sources */,
				68313B20274DF8CB00857FB0 /* ViewController.swift in Sources */,
				68313B1C274DF8CB00857FB0 /* AppDelegate.swift in Sources */,
				68313B1E274DF8CB00857FB0 /* SceneDelegate.swift in Sources */,
			);
			runOnlyForDeploymentPostprocessing = 0;
		};
		68313B2D274DF8D000857FB0 /* Sources */ = {
			isa = PBXSourcesBuildPhase;
			buildActionMask = 2147483647;
			files = (
				68313B36274DF8D000857FB0 /* DemoHelloWorldTests.swift in Sources */,
			);
			runOnlyForDeploymentPostprocessing = 0;
		};
		68313B38274DF8D000857FB0 /* Sources */ = {
			isa = PBXSourcesBuildPhase;
			buildActionMask = 2147483647;
			files = (
				68313B41274DF8D000857FB0 /* DemoHelloWorldUITests.swift in Sources */,
			);
			runOnlyForDeploymentPostprocessing = 0;
		};
/* End PBXSourcesBuildPhase section */

/* Begin PBXTargetDependency section */
		68313B33274DF8D000857FB0 /* PBXTargetDependency */ = {
			isa = PBXTargetDependency;
			target = 68313B17274DF8CB00857FB0 /* DemoHelloWorld */;
			targetProxy = 68313B32274DF8D000857FB0 /* PBXContainerItemProxy */;
		};
		68313B3E274DF8D000857FB0 /* PBXTargetDependency */ = {
			isa = PBXTargetDependency;
			target = 68313B17274DF8CB00857FB0 /* DemoHelloWorld */;
			targetProxy = 68313B3D274DF8D000857FB0 /* PBXContainerItemProxy */;
		};
/* End PBXTargetDependency section */

/* Begin PBXVariantGroup section */
		68313B21274DF8CB00857FB0 /* Main.storyboard */ = {
			isa = PBXVariantGroup;
			children = (
				68313B22274DF8CB00857FB0 /* Base */,
			);
			name = Main.storyboard;
			sourceTree = "<group>";
		};
		68313B29274DF8D000857FB0 /* LaunchScreen.storyboard */ = {
			isa = PBXVariantGroup;
			children = (
				68313B2A274DF8D000857FB0 /* Base */,
			);
			name = LaunchScreen.storyboard;
			sourceTree = "<group>";
		};
/* End PBXVariantGroup section */

/* Begin XCBuildConfiguration section */
		68313B43274DF8D000857FB0 /* Debug */ = {
			isa = XCBuildConfiguration;
			buildSettings = {
				ALWAYS_SEARCH_USER_PATHS = NO;
				CLANG_ANALYZER_NONNULL = YES;
				CLANG_ANALYZER_NUMBER_OBJECT_CONVERSION = YES_AGGRESSIVE;
				CLANG_CXX_LANGUAGE_STANDARD = "gnu++14";
				CLANG_CXX_LIBRARY = "libc++";
				CLANG_ENABLE_MODULES = YES;
				CLANG_ENABLE_OBJC_ARC = YES;
				CLANG_ENABLE_OBJC_WEAK = YES;
				CLANG_WARN_BLOCK_CAPTURE_AUTORELEASING = YES;
				CLANG_WARN_BOOL_CONVERSION = YES;
				CLANG_WARN_COMMA = YES;
				CLANG_WARN_CONSTANT_CONVERSION = YES;
				CLANG_WARN_DEPRECATED_OBJC_IMPLEMENTATIONS = YES;
				CLANG_WARN_DIRECT_OBJC_ISA_USAGE = YES_ERROR;
				CLANG_WARN_DOCUMENTATION_COMMENTS = YES;
				CLANG_WARN_EMPTY_BODY = YES;
				CLANG_WARN_ENUM_CONVERSION = YES;
				CLANG_WARN_INFINITE_RECURSION = YES;
				CLANG_WARN_INT_CONVERSION = YES;
				CLANG_WARN_NON_LITERAL_NULL_CONVERSION = YES;
				CLANG_WARN_OBJC_IMPLICIT_RETAIN_SELF = YES;
				CLANG_WARN_OBJC_LITERAL_CONVERSION = YES;
				CLANG_WARN_OBJC_ROOT_CLASS = YES_ERROR;
				CLANG_WARN_QUOTED_INCLUDE_IN_FRAMEWORK_HEADER = YES;
				CLANG_WARN_RANGE_LOOP_ANALYSIS = YES;
				CLANG_WARN_STRICT_PROTOTYPES = YES;
				CLANG_WARN_SUSPICIOUS_MOVE = YES;
				CLANG_WARN_UNGUARDED_AVAILABILITY = YES_AGGRESSIVE;
				CLANG_WARN_UNREACHABLE_CODE = YES;
				CLANG_WARN__DUPLICATE_METHOD_MATCH = YES;
				COPY_PHASE_STRIP = NO;
				DEBUG_INFORMATION_FORMAT = dwarf;
				ENABLE_STRICT_OBJC_MSGSEND = YES;
				ENABLE_TESTABILITY = YES;
				GCC_C_LANGUAGE_STANDARD = gnu11;
				GCC_DYNAMIC_NO_PIC = NO;
				GCC_NO_COMMON_BLOCKS = YES;
				GCC_OPTIMIZATION_LEVEL = 0;
				GCC_PREPROCESSOR_DEFINITIONS = (
					"DEBUG=1",
					"$(inherited)",
				);
				GCC_WARN_64_TO_32_BIT_CONVERSION = YES;
				GCC_WARN_ABOUT_RETURN_TYPE = YES_ERROR;
				GCC_WARN_UNDECLARED_SELECTOR = YES;
				GCC_WARN_UNINITIALIZED_AUTOS = YES_AGGRESSIVE;
				GCC_WARN_UNUSED_FUNCTION = YES;
				GCC_WARN_UNUSED_VARIABLE = YES;
				IPHONEOS_DEPLOYMENT_TARGET = 14.5;
				MTL_ENABLE_DEBUG_INFO = INCLUDE_SOURCE;
				MTL_FAST_MATH = YES;
				ONLY_ACTIVE_ARCH = YES;
				SDKROOT = iphoneos;
				SWIFT_ACTIVE_COMPILATION_CONDITIONS = DEBUG;
				SWIFT_OPTIMIZATION_LEVEL = "-Onone";
			};
			name = Debug;
		};
		68313B44274DF8D000857FB0 /* Release */ = {
			isa = XCBuildConfiguration;
			buildSettings = {
				ALWAYS_SEARCH_USER_PATHS = NO;
				CLANG_ANALYZER_NONNULL = YES;
				CLANG_ANALYZER_NUMBER_OBJECT_CONVERSION = YES_AGGRESSIVE;
				CLANG_CXX_LANGUAGE_STANDARD = "gnu++14";
				CLANG_CXX_LIBRARY = "libc++";
				CLANG_ENABLE_MODULES = YES;
				CLANG_ENABLE_OBJC_ARC = YES;
				CLANG_ENABLE_OBJC_WEAK = YES;
				CLANG_WARN_BLOCK_CAPTURE_AUTORELEASING = YES;
				CLANG_WARN_BOOL_CONVERSION = YES;
				CLANG_WARN_COMMA = YES;
				CLANG_WARN_CONSTANT_CONVERSION = YES;
				CLANG_WARN_DEPRECATED_OBJC_IMPLEMENTATIONS = YES;
				CLANG_WARN_DIRECT_OBJC_ISA_USAGE = YES_ERROR;
				CLANG_WARN_DOCUMENTATION_COMMENTS = YES;
				CLANG_WARN_EMPTY_BODY = YES;
				CLANG_WARN_ENUM_CONVERSION = YES;
				CLANG_WARN_INFINITE_RECURSION = YES;
				CLANG_WARN_INT_CONVERSION = YES;
				CLANG_WARN_NON_LITERAL_NULL_CONVERSION = YES;
				CLANG_WARN_OBJC_IMPLICIT_RETAIN_SELF = YES;
				CLANG_WARN_OBJC_LITERAL_CONVERSION = YES;
				CLANG_WARN_OBJC_ROOT_CLASS = YES_ERROR;
				CLANG_WARN_QUOTED_INCLUDE_IN_FRAMEWORK_HEADER = YES;
				CLANG_WARN_RANGE_LOOP_ANALYSIS = YES;
				CLANG_WARN_STRICT_PROTOTYPES = YES;
				CLANG_WARN_SUSPICIOUS_MOVE = YES;
				CLANG_WARN_UNGUARDED_AVAILABILITY = YES_AGGRESSIVE;
				CLANG_WARN_UNREACHABLE_CODE = YES;
				CLANG_WARN__DUPLICATE_METHOD_MATCH = YES;
				COPY_PHASE_STRIP = NO;
				DEBUG_INFORMATION_FORMAT = "dwarf-with-dsym";
				ENABLE_NS_ASSERTIONS = NO;
				ENABLE_STRICT_OBJC_MSGSEND = YES;
				GCC_C_LANGUAGE_STANDARD = gnu11;
				GCC_NO_COMMON_BLOCKS = YES;
				GCC_WARN_64_TO_32_BIT_CONVERSION = YES;
				GCC_WARN_ABOUT_RETURN_TYPE = YES_ERROR;
				GCC_WARN_UNDECLARED_SELECTOR = YES;
				GCC_WARN_UNINITIALIZED_AUTOS = YES_AGGRESSIVE;
				GCC_WARN_UNUSED_FUNCTION = YES;
				GCC_WARN_UNUSED_VARIABLE = YES;
				IPHONEOS_DEPLOYMENT_TARGET = 14.5;
				MTL_ENABLE_DEBUG_INFO = NO;
				MTL_FAST_MATH = YES;
				SDKROOT = iphoneos;
				SWIFT_COMPILATION_MODE = wholemodule;
				SWIFT_OPTIMIZATION_LEVEL = "-O";
				VALIDATE_PRODUCT = YES;
			};
			name = Release;
		};
		68313B46274DF8D100857FB0 /* Debug */ = {
			isa = XCBuildConfiguration;
			buildSettings = {
				ASSETCATALOG_COMPILER_APPICON_NAME = AppIcon;
				ASSETCATALOG_COMPILER_GLOBAL_ACCENT_COLOR_NAME = AccentColor;
				CODE_SIGN_STYLE = Automatic;
				DEVELOPMENT_TEAM = KA764ZP8BZ;
				INFOPLIST_FILE = DemoHelloWorld/Info.plist;
				LD_RUNPATH_SEARCH_PATHS = (
					"$(inherited)",
					"@executable_path/Frameworks",
				);
				PRODUCT_BUNDLE_IDENTIFIER = "ca.lambtoncollege.-mad3115.sdsasadsa.DemoHelloWorld";
				PRODUCT_NAME = "$(TARGET_NAME)";
				SWIFT_VERSION = 5.0;
				TARGETED_DEVICE_FAMILY = "1,2";
			};
			name = Debug;
		};
		68313B47274DF8D100857FB0 /* Release */ = {
			isa = XCBuildConfiguration;
			buildSettings = {
				ASSETCATALOG_COMPILER_APPICON_NAME = AppIcon;
				ASSETCATALOG_COMPILER_GLOBAL_ACCENT_COLOR_NAME = AccentColor;
				CODE_SIGN_STYLE = Automatic;
				DEVELOPMENT_TEAM = KA764ZP8BZ;
				INFOPLIST_FILE = DemoHelloWorld/Info.plist;
				LD_RUNPATH_SEARCH_PATHS = (
					"$(inherited)",
					"@executable_path/Frameworks",
				);
				PRODUCT_BUNDLE_IDENTIFIER = "ca.lambtoncollege.-mad3115.sdsasadsa.DemoHelloWorld";
				PRODUCT_NAME = "$(TARGET_NAME)";
				SWIFT_VERSION = 5.0;
				TARGETED_DEVICE_FAMILY = "1,2";
			};
			name = Release;
		};
		68313B49274DF8D100857FB0 /* Debug */ = {
			isa = XCBuildConfiguration;
			buildSettings = {
				ALWAYS_EMBED_SWIFT_STANDARD_LIBRARIES = YES;
				BUNDLE_LOADER = "$(TEST_HOST)";
				CODE_SIGN_STYLE = Automatic;
				DEVELOPMENT_TEAM = KA764ZP8BZ;
				INFOPLIST_FILE = DemoHelloWorldTests/Info.plist;
				IPHONEOS_DEPLOYMENT_TARGET = 14.5;
				LD_RUNPATH_SEARCH_PATHS = (
					"$(inherited)",
					"@executable_path/Frameworks",
					"@loader_path/Frameworks",
				);
				PRODUCT_BUNDLE_IDENTIFIER = ca.lambtoncollege.mad3115.sdsasadsa.DemoHelloWorldTests;
				PRODUCT_NAME = "$(TARGET_NAME)";
				SWIFT_VERSION = 5.0;
				TARGETED_DEVICE_FAMILY = "1,2";
				TEST_HOST = "$(BUILT_PRODUCTS_DIR)/DemoHelloWorld.app/DemoHelloWorld";
			};
			name = Debug;
		};
		68313B4A274DF8D100857FB0 /* Release */ = {
			isa = XCBuildConfiguration;
			buildSettings = {
				ALWAYS_EMBED_SWIFT_STANDARD_LIBRARIES = YES;
				BUNDLE_LOADER = "$(TEST_HOST)";
				CODE_SIGN_STYLE = Automatic;
				DEVELOPMENT_TEAM = KA764ZP8BZ;
				INFOPLIST_FILE = DemoHelloWorldTests/Info.plist;
				IPHONEOS_DEPLOYMENT_TARGET = 14.5;
				LD_RUNPATH_SEARCH_PATHS = (
					"$(inherited)",
					"@executable_path/Frameworks",
					"@loader_path/Frameworks",
				);
				PRODUCT_BUNDLE_IDENTIFIER = ca.lambtoncollege.mad3115.sdsasadsa.DemoHelloWorldTests;
				PRODUCT_NAME = "$(TARGET_NAME)";
				SWIFT_VERSION = 5.0;
				TARGETED_DEVICE_FAMILY = "1,2";
				TEST_HOST = "$(BUILT_PRODUCTS_DIR)/DemoHelloWorld.app/DemoHelloWorld";
			};
			name = Release;
		};
		68313B4C274DF8D100857FB0 /* Debug */ = {
			isa = XCBuildConfiguration;
			buildSettings = {
				ALWAYS_EMBED_SWIFT_STANDARD_LIBRARIES = YES;
				CODE_SIGN_STYLE = Automatic;
				DEVELOPMENT_TEAM = KA764ZP8BZ;
				INFOPLIST_FILE = DemoHelloWorldUITests/Info.plist;
				LD_RUNPATH_SEARCH_PATHS = (
					"$(inherited)",
					"@executable_path/Frameworks",
					"@loader_path/Frameworks",
				);
				PRODUCT_BUNDLE_IDENTIFIER = ca.lambtoncollege.mad3115.sdsasadsa.DemoHelloWorldUITests;
				PRODUCT_NAME = "$(TARGET_NAME)";
				SWIFT_VERSION = 5.0;
				TARGETED_DEVICE_FAMILY = "1,2";
				TEST_TARGET_NAME = DemoHelloWorld;
			};
			name = Debug;
		};
		68313B4D274DF8D100857FB0 /* Release */ = {
			isa = XCBuildConfiguration;
			buildSettings = {
				ALWAYS_EMBED_SWIFT_STANDARD_LIBRARIES = YES;
				CODE_SIGN_STYLE = Automatic;
				DEVELOPMENT_TEAM = KA764ZP8BZ;
				INFOPLIST_FILE = DemoHelloWorldUITests/Info.plist;
				LD_RUNPATH_SEARCH_PATHS = (
					"$(inherited)",
					"@executable_path/Frameworks",
					"@loader_path/Frameworks",
				);
				PRODUCT_BUNDLE_IDENTIFIER = ca.lambtoncollege.mad3115.sdsasadsa.DemoHelloWorldUITests;
				PRODUCT_NAME = "$(TARGET_NAME)";
				SWIFT_VERSION = 5.0;
				TARGETED_DEVICE_FAMILY = "1,2";
				TEST_TARGET_NAME = DemoHelloWorld;
			};
			name = Release;
		};
/* End XCBuildConfiguration section */

/* Begin XCConfigurationList section */
		68313B13274DF8CB00857FB0 /* Build configuration list for PBXProject "DemoHelloWorld" */ = {
			isa = XCConfigurationList;
			buildConfigurations = (
				68313B43274DF8D000857FB0 /* Debug */,
				68313B44274DF8D000857FB0 /* Release */,
			);
			defaultConfigurationIsVisible = 0;
			defaultConfigurationName = Release;
		};
		68313B45274DF8D100857FB0 /* Build configuration list for PBXNativeTarget "DemoHelloWorld" */ = {
			isa = XCConfigurationList;
			buildConfigurations = (
				68313B46274DF8D100857FB0 /* Debug */,
				68313B47274DF8D100857FB0 /* Release */,
			);
			defaultConfigurationIsVisible = 0;
			defaultConfigurationName = Release;
		};
		68313B48274DF8D100857FB0 /* Build configuration list for PBXNativeTarget "DemoHelloWorldTests" */ = {
			isa = XCConfigurationList;
			buildConfigurations = (
				68313B49274DF8D100857FB0 /* Debug */,
				68313B4A274DF8D100857FB0 /* Release */,
			);
			defaultConfigurationIsVisible = 0;
			defaultConfigurationName = Release;
		};
		68313B4B274DF8D100857FB0 /* Build configuration list for PBXNativeTarget "DemoHelloWorldUITests" */ = {
			isa = XCConfigurationList;
			buildConfigurations = (
				68313B4C274DF8D100857FB0 /* Debug */,
				68313B4D274DF8D100857FB0 /* Release */,
			);
			defaultConfigurationIsVisible = 0;
			defaultConfigurationName = Release;
		};
/* End XCConfigurationList section */

/* Begin XCVersionGroup section */
		68313B24274DF8CB00857FB0 /* DemoHelloWorld.xcdatamodeld */ = {
			isa = XCVersionGroup;
			children = (
				68313B25274DF8CB00857FB0 /* DemoHelloWorld.xcdatamodel */,
			);
			currentVersion = 68313B25274DF8CB00857FB0 /* DemoHelloWorld.xcdatamodel */;
			path = DemoHelloWorld.xcdatamodeld;
			sourceTree = "<group>";
			versionGroupType = wrapper.xcdatamodel;
		};
/* End XCVersionGroup section */
	};
	rootObject = 68313B10274DF8CB00857FB0 /* Project object */;
}
